
Microsoft Visual Studio Solution File, Format Version 12.00
# Visual Studio Version 17
VisualStudioVersion = 17.5.002.0
MinimumVisualStudioVersion = 10.0.40219.1
Project("{2150E333-8FDC-42A3-9474-1A3956D46DE8}") = "csharp-prep", "csharp-prep", "{C1A25C9A-0A61-4FD1-81B0-B130E625EC0C}"
EndProject
Project("{9A19103F-16F7-4668-BE54-9A1E7A4F7556}") = "Prep1", "csharp-prep\Prep1\Prep1.csproj", "{5DF3D47F-3A7B-4D3E-87FA-DB05E33368B8}"
EndProject
Project("{9A19103F-16F7-4668-BE54-9A1E7A4F7556}") = "Prep2", "csharp-prep\Prep2\Prep2.csproj", "{07542E6D-5D3E-45A1-9C30-DB7D8DF8D961}"
EndProject
Project("{9A19103F-16F7-4668-BE54-9A1E7A4F7556}") = "Prep3", "csharp-prep\Prep3\Prep3.csproj", "{2E6C4C32-7EBC-4B17-A00A-D9336A94094A}"
EndProject
Project("{9A19103F-16F7-4668-BE54-9A1E7A4F7556}") = "Prep4", "csharp-prep\Prep4\Prep4.csproj", "{5EB208FE-80ED-4D7E-969B-F75A3699AC29}"
EndProject
Project("{9A19103F-16F7-4668-BE54-9A1E7A4F7556}") = "Prep5", "csharp-prep\Prep5\Prep5.csproj", "{CB17A772-EC2E-499E-AD69-2E7CEF15C089}"
EndProject
Project("{2150E333-8FDC-42A3-9474-1A3956D46DE8}") = "final", "final", "{70546DBE-E727-48A2-A68D-6042B7F10785}"
EndProject
Project("{9A19103F-16F7-4668-BE54-9A1E7A4F7556}") = "FinalProject", "final\FinalProject\FinalProject.csproj", "{4F5A34AE-A00F-453B-BA17-20397D16720D}"
EndProject
Project("{9A19103F-16F7-4668-BE54-9A1E7A4F7556}") = "Foundation1", "final\Foundation1\Foundation1.csproj", "{7D6B402B-4188-4BD3-9553-A57241F8B2C8}"
EndProject
Project("{9A19103F-16F7-4668-BE54-9A1E7A4F7556}") = "Foundation2", "final\Foundation2\Foundation2.csproj", "{EDE62A6A-5328-4935-9E5F-3C2C63F7E2CA}"
EndProject
Project("{9A19103F-16F7-4668-BE54-9A1E7A4F7556}") = "Foundation3", "final\Foundation3\Foundation3.csproj", "{32B01BC3-46F0-48A6-BE22-5D8E007541FE}"
EndProject
Project("{9A19103F-16F7-4668-BE54-9A1E7A4F7556}") = "Foundation4", "final\Foundation4\Foundation4.csproj", "{FAA0741A-6D0A-40D9-85C7-240D735F3DCF}"
EndProject
Project("{2150E333-8FDC-42A3-9474-1A3956D46DE8}") = "prepare", "prepare", "{9AC493D1-CC1B-45FE-BDCF-FAC2DD9FCDDC}"
EndProject
Project("{9A19103F-16F7-4668-BE54-9A1E7A4F7556}") = "Learning02", "prepare\Learning02\Learning02.csproj", "{913ED982-6F97-45C5-AB34-CD6AD9E5AFB0}"
EndProject
Project("{9A19103F-16F7-4668-BE54-9A1E7A4F7556}") = "Learning03", "prepare\Learning03\Learning03.csproj", "{822E5F03-4791-4DE6-B1FC-F8FD70248294}"
EndProject
Project("{9A19103F-16F7-4668-BE54-9A1E7A4F7556}") = "Learning04", "prepare\Learning04\Learning04.csproj", "{5C4F79DB-D60E-4CC8-8A4A-6537C11B7028}"
EndProject
Project("{9A19103F-16F7-4668-BE54-9A1E7A4F7556}") = "Learning05", "prepare\Learning05\Learning05.csproj", "{95CAB9C1-9824-4162-A559-9B79BA3B4DC5}"
EndProject
Project("{2150E333-8FDC-42A3-9474-1A3956D46DE8}") = "prove", "prove", "{EA8E5C0E-7D22-4B90-A9AC-D957052FA991}"
EndProject
Project("{9A19103F-16F7-4668-BE54-9A1E7A4F7556}") = "Develop02", "prove\Develop02\Develop02.csproj", "{8A213E2A-48A9-486B-82DF-2B5973B3980E}"
EndProject
Project("{9A19103F-16F7-4668-BE54-9A1E7A4F7556}") = "Develop03", "prove\Develop03\Develop03.csproj", "{860727A8-02C8-4297-BB18-E41168423519}"
EndProject
Project("{9A19103F-16F7-4668-BE54-9A1E7A4F7556}") = "Develop04", "prove\Develop04\Develop04.csproj", "{32A1F674-CEC9-4C49-B32E-A2FC47097E51}"
EndProject
Project("{9A19103F-16F7-4668-BE54-9A1E7A4F7556}") = "Develop05", "prove\Develop05\Develop05.csproj", "{41E7A41D-6355-437B-B898-EE2D378CF383}"
EndProject
Project("{2150E333-8FDC-42A3-9474-1A3956D46DE8}") = "sandbox", "sandbox", "{40E2C252-4518-43DF-BF79-40C11E8D26AA}"
EndProject
Project("{9A19103F-16F7-4668-BE54-9A1E7A4F7556}") = "Sandbox", "sandbox\Sandbox\Sandbox.csproj", "{A09E25B4-B48E-4706-848E-D27C104067CA}"
EndProject
Global
	GlobalSection(SolutionConfigurationPlatforms) = preSolution
		Debug|Any CPU = Debug|Any CPU
		Release|Any CPU = Release|Any CPU
	EndGlobalSection
	GlobalSection(ProjectConfigurationPlatforms) = postSolution
		{5DF3D47F-3A7B-4D3E-87FA-DB05E33368B8}.Debug|Any CPU.ActiveCfg = Debug|Any CPU
		{5DF3D47F-3A7B-4D3E-87FA-DB05E33368B8}.Debug|Any CPU.Build.0 = Debug|Any CPU
		{5DF3D47F-3A7B-4D3E-87FA-DB05E33368B8}.Release|Any CPU.ActiveCfg = Release|Any CPU
		{5DF3D47F-3A7B-4D3E-87FA-DB05E33368B8}.Release|Any CPU.Build.0 = Release|Any CPU
		{07542E6D-5D3E-45A1-9C30-DB7D8DF8D961}.Debug|Any CPU.ActiveCfg = Debug|Any CPU
		{07542E6D-5D3E-45A1-9C30-DB7D8DF8D961}.Debug|Any CPU.Build.0 = Debug|Any CPU
		{07542E6D-5D3E-45A1-9C30-DB7D8DF8D961}.Release|Any CPU.ActiveCfg = Release|Any CPU
		{07542E6D-5D3E-45A1-9C30-DB7D8DF8D961}.Release|Any CPU.Build.0 = Release|Any CPU
		{2E6C4C32-7EBC-4B17-A00A-D9336A94094A}.Debug|Any CPU.ActiveCfg = Debug|Any CPU
		{2E6C4C32-7EBC-4B17-A00A-D9336A94094A}.Debug|Any CPU.Build.0 = Debug|Any CPU
		{2E6C4C32-7EBC-4B17-A00A-D9336A94094A}.Release|Any CPU.ActiveCfg = Release|Any CPU
		{2E6C4C32-7EBC-4B17-A00A-D9336A94094A}.Release|Any CPU.Build.0 = Release|Any CPU
		{5EB208FE-80ED-4D7E-969B-F75A3699AC29}.Debug|Any CPU.ActiveCfg = Debug|Any CPU
		{5EB208FE-80ED-4D7E-969B-F75A3699AC29}.Debug|Any CPU.Build.0 = Debug|Any CPU
		{5EB208FE-80ED-4D7E-969B-F75A3699AC29}.Release|Any CPU.ActiveCfg = Release|Any CPU
		{5EB208FE-80ED-4D7E-969B-F75A3699AC29}.Release|Any CPU.Build.0 = Release|Any CPU
		{CB17A772-EC2E-499E-AD69-2E7CEF15C089}.Debug|Any CPU.ActiveCfg = Debug|Any CPU
		{CB17A772-EC2E-499E-AD69-2E7CEF15C089}.Debug|Any CPU.Build.0 = Debug|Any CPU
		{CB17A772-EC2E-499E-AD69-2E7CEF15C089}.Release|Any CPU.ActiveCfg = Release|Any CPU
		{CB17A772-EC2E-499E-AD69-2E7CEF15C089}.Release|Any CPU.Build.0 = Release|Any CPU
		{4F5A34AE-A00F-453B-BA17-20397D16720D}.Debug|Any CPU.ActiveCfg = Debug|Any CPU
		{4F5A34AE-A00F-453B-BA17-20397D16720D}.Debug|Any CPU.Build.0 = Debug|Any CPU
		{4F5A34AE-A00F-453B-BA17-20397D16720D}.Release|Any CPU.ActiveCfg = Release|Any CPU
		{4F5A34AE-A00F-453B-BA17-20397D16720D}.Release|Any CPU.Build.0 = Release|Any CPU
		{7D6B402B-4188-4BD3-9553-A57241F8B2C8}.Debug|Any CPU.ActiveCfg = Debug|Any CPU
		{7D6B402B-4188-4BD3-9553-A57241F8B2C8}.Debug|Any CPU.Build.0 = Debug|Any CPU
		{7D6B402B-4188-4BD3-9553-A57241F8B2C8}.Release|Any CPU.ActiveCfg = Release|Any CPU
		{7D6B402B-4188-4BD3-9553-A57241F8B2C8}.Release|Any CPU.Build.0 = Release|Any CPU
		{EDE62A6A-5328-4935-9E5F-3C2C63F7E2CA}.Debug|Any CPU.ActiveCfg = Debug|Any CPU
		{EDE62A6A-5328-4935-9E5F-3C2C63F7E2CA}.Debug|Any CPU.Build.0 = Debug|Any CPU
		{EDE62A6A-5328-4935-9E5F-3C2C63F7E2CA}.Release|Any CPU.ActiveCfg = Release|Any CPU
		{EDE62A6A-5328-4935-9E5F-3C2C63F7E2CA}.Release|Any CPU.Build.0 = Release|Any CPU
		{32B01BC3-46F0-48A6-BE22-5D8E007541FE}.Debug|Any CPU.ActiveCfg = Debug|Any CPU
		{32B01BC3-46F0-48A6-BE22-5D8E007541FE}.Debug|Any CPU.Build.0 = Debug|Any CPU
		{32B01BC3-46F0-48A6-BE22-5D8E007541FE}.Release|Any CPU.ActiveCfg = Release|Any CPU
		{32B01BC3-46F0-48A6-BE22-5D8E007541FE}.Release|Any CPU.Build.0 = Release|Any CPU
		{FAA0741A-6D0A-40D9-85C7-240D735F3DCF}.Debug|Any CPU.ActiveCfg = Debug|Any CPU
		{FAA0741A-6D0A-40D9-85C7-240D735F3DCF}.Debug|Any CPU.Build.0 = Debug|Any CPU
		{FAA0741A-6D0A-40D9-85C7-240D735F3DCF}.Release|Any CPU.ActiveCfg = Release|Any CPU
		{FAA0741A-6D0A-40D9-85C7-240D735F3DCF}.Release|Any CPU.Build.0 = Release|Any CPU
		{913ED982-6F97-45C5-AB34-CD6AD9E5AFB0}.Debug|Any CPU.ActiveCfg = Debug|Any CPU
		{913ED982-6F97-45C5-AB34-CD6AD9E5AFB0}.Debug|Any CPU.Build.0 = Debug|Any CPU
		{913ED982-6F97-45C5-AB34-CD6AD9E5AFB0}.Release|Any CPU.ActiveCfg = Release|Any CPU
		{913ED982-6F97-45C5-AB34-CD6AD9E5AFB0}.Release|Any CPU.Build.0 = Release|Any CPU
		{822E5F03-4791-4DE6-B1FC-F8FD70248294}.Debug|Any CPU.ActiveCfg = Debug|Any CPU
		{822E5F03-4791-4DE6-B1FC-F8FD70248294}.Debug|Any CPU.Build.0 = Debug|Any CPU
		{822E5F03-4791-4DE6-B1FC-F8FD70248294}.Release|Any CPU.ActiveCfg = Release|Any CPU
		{822E5F03-4791-4DE6-B1FC-F8FD70248294}.Release|Any CPU.Build.0 = Release|Any CPU
		{5C4F79DB-D60E-4CC8-8A4A-6537C11B7028}.Debug|Any CPU.ActiveCfg = Debug|Any CPU
		{5C4F79DB-D60E-4CC8-8A4A-6537C11B7028}.Debug|Any CPU.Build.0 = Debug|Any CPU
		{5C4F79DB-D60E-4CC8-8A4A-6537C11B7028}.Release|Any CPU.ActiveCfg = Release|Any CPU
		{5C4F79DB-D60E-4CC8-8A4A-6537C11B7028}.Release|Any CPU.Build.0 = Release|Any CPU
		{95CAB9C1-9824-4162-A559-9B79BA3B4DC5}.Debug|Any CPU.ActiveCfg = Debug|Any CPU
		{95CAB9C1-9824-4162-A559-9B79BA3B4DC5}.Debug|Any CPU.Build.0 = Debug|Any CPU
		{95CAB9C1-9824-4162-A559-9B79BA3B4DC5}.Release|Any CPU.ActiveCfg = Release|Any CPU
		{95CAB9C1-9824-4162-A559-9B79BA3B4DC5}.Release|Any CPU.Build.0 = Release|Any CPU
		{8A213E2A-48A9-486B-82DF-2B5973B3980E}.Debug|Any CPU.ActiveCfg = Debug|Any CPU
		{8A213E2A-48A9-486B-82DF-2B5973B3980E}.Debug|Any CPU.Build.0 = Debug|Any CPU
		{8A213E2A-48A9-486B-82DF-2B5973B3980E}.Release|Any CPU.ActiveCfg = Release|Any CPU
		{8A213E2A-48A9-486B-82DF-2B5973B3980E}.Release|Any CPU.Build.0 = Release|Any CPU
		{860727A8-02C8-4297-BB18-E41168423519}.Debug|Any CPU.ActiveCfg = Debug|Any CPU
		{860727A8-02C8-4297-BB18-E41168423519}.Debug|Any CPU.Build.0 = Debug|Any CPU
		{860727A8-02C8-4297-BB18-E41168423519}.Release|Any CPU.ActiveCfg = Release|Any CPU
		{860727A8-02C8-4297-BB18-E41168423519}.Release|Any CPU.Build.0 = Release|Any CPU
		{32A1F674-CEC9-4C49-B32E-A2FC47097E51}.Debug|Any CPU.ActiveCfg = Debug|Any CPU
		{32A1F674-CEC9-4C49-B32E-A2FC47097E51}.Debug|Any CPU.Build.0 = Debug|Any CPU
		{32A1F674-CEC9-4C49-B32E-A2FC47097E51}.Release|Any CPU.ActiveCfg = Release|Any CPU
		{32A1F674-CEC9-4C49-B32E-A2FC47097E51}.Release|Any CPU.Build.0 = Release|Any CPU
		{41E7A41D-6355-437B-B898-EE2D378CF383}.Debug|Any CPU.ActiveCfg = Debug|Any CPU
		{41E7A41D-6355-437B-B898-EE2D378CF383}.Debug|Any CPU.Build.0 = Debug|Any CPU
		{41E7A41D-6355-437B-B898-EE2D378CF383}.Release|Any CPU.ActiveCfg = Release|Any CPU
		{41E7A41D-6355-437B-B898-EE2D378CF383}.Release|Any CPU.Build.0 = Release|Any CPU
		{A09E25B4-B48E-4706-848E-D27C104067CA}.Debug|Any CPU.ActiveCfg = Debug|Any CPU
		{A09E25B4-B48E-4706-848E-D27C104067CA}.Debug|Any CPU.Build.0 = Debug|Any CPU
		{A09E25B4-B48E-4706-848E-D27C104067CA}.Release|Any CPU.ActiveCfg = Release|Any CPU
		{A09E25B4-B48E-4706-848E-D27C104067CA}.Release|Any CPU.Build.0 = Release|Any CPU
	EndGlobalSection
	GlobalSection(SolutionProperties) = preSolution
		HideSolutionNode = FALSE
	EndGlobalSection
	GlobalSection(NestedProjects) = preSolution
		{5DF3D47F-3A7B-4D3E-87FA-DB05E33368B8} = {C1A25C9A-0A61-4FD1-81B0-B130E625EC0C}
		{07542E6D-5D3E-45A1-9C30-DB7D8DF8D961} = {C1A25C9A-0A61-4FD1-81B0-B130E625EC0C}
		{2E6C4C32-7EBC-4B17-A00A-D9336A94094A} = {C1A25C9A-0A61-4FD1-81B0-B130E625EC0C}
		{5EB208FE-80ED-4D7E-969B-F75A3699AC29} = {C1A25C9A-0A61-4FD1-81B0-B130E625EC0C}
		{CB17A772-EC2E-499E-AD69-2E7CEF15C089} = {C1A25C9A-0A61-4FD1-81B0-B130E625EC0C}
		{4F5A34AE-A00F-453B-BA17-20397D16720D} = {70546DBE-E727-48A2-A68D-6042B7F10785}
		{7D6B402B-4188-4BD3-9553-A57241F8B2C8} = {70546DBE-E727-48A2-A68D-6042B7F10785}
		{EDE62A6A-5328-4935-9E5F-3C2C63F7E2CA} = {70546DBE-E727-48A2-A68D-6042B7F10785}
		{32B01BC3-46F0-48A6-BE22-5D8E007541FE} = {70546DBE-E727-48A2-A68D-6042B7F10785}
		{FAA0741A-6D0A-40D9-85C7-240D735F3DCF} = {70546DBE-E727-48A2-A68D-6042B7F10785}
		{913ED982-6F97-45C5-AB34-CD6AD9E5AFB0} = {9AC493D1-CC1B-45FE-BDCF-FAC2DD9FCDDC}
		{822E5F03-4791-4DE6-B1FC-F8FD70248294} = {9AC493D1-CC1B-45FE-BDCF-FAC2DD9FCDDC}
		{5C4F79DB-D60E-4CC8-8A4A-6537C11B7028} = {9AC493D1-CC1B-45FE-BDCF-FAC2DD9FCDDC}
		{95CAB9C1-9824-4162-A559-9B79BA3B4DC5} = {9AC493D1-CC1B-45FE-BDCF-FAC2DD9FCDDC}
		{8A213E2A-48A9-486B-82DF-2B5973B3980E} = {EA8E5C0E-7D22-4B90-A9AC-D957052FA991}
		{860727A8-02C8-4297-BB18-E41168423519} = {EA8E5C0E-7D22-4B90-A9AC-D957052FA991}
		{32A1F674-CEC9-4C49-B32E-A2FC47097E51} = {EA8E5C0E-7D22-4B90-A9AC-D957052FA991}
		{41E7A41D-6355-437B-B898-EE2D378CF383} = {EA8E5C0E-7D22-4B90-A9AC-D957052FA991}
		{A09E25B4-B48E-4706-848E-D27C104067CA} = {40E2C252-4518-43DF-BF79-40C11E8D26AA}
	EndGlobalSection
	GlobalSection(ExtensibilityGlobals) = postSolution
		SolutionGuid = {3C70BF82-4B9B-462C-AEDB-26CE66A35DC5}
	EndGlobalSection
EndGlobal
